
Microsoft Visual Studio Solution File, Format Version 12.00
# Visual Studio Version 17
VisualStudioVersion = 17.4.33213.308
MinimumVisualStudioVersion = 10.0.40219.1
Project("{FAE04EC0-301F-11D3-BF4B-00C04F79EFBC}") = "prjFileUpload", "prjFileUpload\prjFileUpload.csproj", "{CCF42EFB-9548-4C05-9DA9-8F6F0F572570}"
EndProject
Global
	GlobalSection(SolutionConfigurationPlatforms) = preSolution
		Debug|Any CPU = Debug|Any CPU
		Release|Any CPU = Release|Any CPU
	EndGlobalSection
	GlobalSection(ProjectConfigurationPlatforms) = postSolution
		{CCF42EFB-9548-4C05-9DA9-8F6F0F572570}.Debug|Any CPU.ActiveCfg = Debug|Any CPU
		{CCF42EFB-9548-4C05-9DA9-8F6F0F572570}.Debug|Any CPU.Build.0 = Debug|Any CPU
		{CCF42EFB-9548-4C05-9DA9-8F6F0F572570}.Release|Any CPU.ActiveCfg = Release|Any CPU
		{CCF42EFB-9548-4C05-9DA9-8F6F0F572570}.Release|Any CPU.Build.0 = Release|Any CPU
	EndGlobalSection
	GlobalSection(SolutionProperties) = preSolution
		HideSolutionNode = FALSE
	EndGlobalSection
	GlobalSection(ExtensibilityGlobals) = postSolution
		SolutionGuid = {33FC84C9-33B5-4FAF-9262-987F75CEC70A}
	EndGlobalSection
EndGlobal
