
Microsoft Visual Studio Solution File, Format Version 12.00
# Visual Studio Version 17
VisualStudioVersion = 17.4.33213.308
MinimumVisualStudioVersion = 10.0.40219.1
Project("{FAE04EC0-301F-11D3-BF4B-00C04F79EFBC}") = "prjBS", "prjBS\prjBS.csproj", "{A48A7A06-25D9-4AAB-BD6C-06A34DF948B7}"
EndProject
Global
	GlobalSection(SolutionConfigurationPlatforms) = preSolution
		Debug|Any CPU = Debug|Any CPU
		Release|Any CPU = Release|Any CPU
	EndGlobalSection
	GlobalSection(ProjectConfigurationPlatforms) = postSolution
		{A48A7A06-25D9-4AAB-BD6C-06A34DF948B7}.Debug|Any CPU.ActiveCfg = Debug|Any CPU
		{A48A7A06-25D9-4AAB-BD6C-06A34DF948B7}.Debug|Any CPU.Build.0 = Debug|Any CPU
		{A48A7A06-25D9-4AAB-BD6C-06A34DF948B7}.Release|Any CPU.ActiveCfg = Release|Any CPU
		{A48A7A06-25D9-4AAB-BD6C-06A34DF948B7}.Release|Any CPU.Build.0 = Release|Any CPU
	EndGlobalSection
	GlobalSection(SolutionProperties) = preSolution
		HideSolutionNode = FALSE
	EndGlobalSection
	GlobalSection(ExtensibilityGlobals) = postSolution
		SolutionGuid = {22DE4516-83DE-41C0-A652-4FA2640393E0}
	EndGlobalSection
EndGlobal
