
Microsoft Visual Studio Solution File, Format Version 12.00
# Visual Studio Version 17
VisualStudioVersion = 17.4.33213.308
MinimumVisualStudioVersion = 10.0.40219.1
Project("{FAE04EC0-301F-11D3-BF4B-00C04F79EFBC}") = "MyPortfolio", "MyPortfolio\MyPortfolio.csproj", "{D4BE0128-D273-472B-9F16-ABAD206A3ED0}"
EndProject
Global
	GlobalSection(SolutionConfigurationPlatforms) = preSolution
		Debug|Any CPU = Debug|Any CPU
		Release|Any CPU = Release|Any CPU
	EndGlobalSection
	GlobalSection(ProjectConfigurationPlatforms) = postSolution
		{D4BE0128-D273-472B-9F16-ABAD206A3ED0}.Debug|Any CPU.ActiveCfg = Debug|Any CPU
		{D4BE0128-D273-472B-9F16-ABAD206A3ED0}.Debug|Any CPU.Build.0 = Debug|Any CPU
		{D4BE0128-D273-472B-9F16-ABAD206A3ED0}.Release|Any CPU.ActiveCfg = Release|Any CPU
		{D4BE0128-D273-472B-9F16-ABAD206A3ED0}.Release|Any CPU.Build.0 = Release|Any CPU
	EndGlobalSection
	GlobalSection(SolutionProperties) = preSolution
		HideSolutionNode = FALSE
	EndGlobalSection
	GlobalSection(ExtensibilityGlobals) = postSolution
		SolutionGuid = {773FA381-0FC8-4F78-A1EB-ED0FAB69FEBA}
	EndGlobalSection
EndGlobal
